// !$*UTF8*$!
{
	archiveVersion = 1;
	classes = {
	};
	objectVersion = 55;
	objects = {

/* Begin PBXBuildFile section */
		62368B7228B372C300C49B8D /* WeatherOnSwiftUIApp.swift in Sources */ = {isa = PBXBuildFile; fileRef = 62368B7128B372C300C49B8D /* WeatherOnSwiftUIApp.swift */; };
		62368B7428B372C300C49B8D /* ContentView.swift in Sources */ = {isa = PBXBuildFile; fileRef = 62368B7328B372C300C49B8D /* ContentView.swift */; };
		62368B7628B372C500C49B8D /* Assets.xcassets in Resources */ = {isa = PBXBuildFile; fileRef = 62368B7528B372C500C49B8D /* Assets.xcassets */; };
		62368B7928B372C500C49B8D /* Preview Assets.xcassets in Resources */ = {isa = PBXBuildFile; fileRef = 62368B7828B372C500C49B8D /* Preview Assets.xcassets */; };
		62368B8328B372C500C49B8D /* WeatherOnSwiftUITests.swift in Sources */ = {isa = PBXBuildFile; fileRef = 62368B8228B372C500C49B8D /* WeatherOnSwiftUITests.swift */; };
		62368B9C28B3733500C49B8D /* ServiceManager.swift in Sources */ = {isa = PBXBuildFile; fileRef = 62368B9B28B3733500C49B8D /* ServiceManager.swift */; };
		625B90EF28B5A312006874DE /* ImageRetriver.swift in Sources */ = {isa = PBXBuildFile; fileRef = 625B90EE28B5A312006874DE /* ImageRetriver.swift */; };
		625B90F228B5A342006874DE /* ImageCache.swift in Sources */ = {isa = PBXBuildFile; fileRef = 625B90F128B5A342006874DE /* ImageCache.swift */; };
		625B90F428B5A354006874DE /* CachedImageManager.swift in Sources */ = {isa = PBXBuildFile; fileRef = 625B90F328B5A354006874DE /* CachedImageManager.swift */; };
		625B90F628B5A392006874DE /* CachedImage.swift in Sources */ = {isa = PBXBuildFile; fileRef = 625B90F528B5A392006874DE /* CachedImage.swift */; };
		62B66E5328B38A0600D27ED0 /* WeatherData.swift in Sources */ = {isa = PBXBuildFile; fileRef = 62B66E5228B38A0600D27ED0 /* WeatherData.swift */; };
		62B66E5528B38A6600D27ED0 /* TypeOfWeatherData.swift in Sources */ = {isa = PBXBuildFile; fileRef = 62B66E5428B38A6600D27ED0 /* TypeOfWeatherData.swift */; };
		62B66E5D28B4914F00D27ED0 /* SearchView.swift in Sources */ = {isa = PBXBuildFile; fileRef = 62B66E5C28B4914F00D27ED0 /* SearchView.swift */; };
		62B66E5F28B495F000D27ED0 /* SearchButton.swift in Sources */ = {isa = PBXBuildFile; fileRef = 62B66E5E28B495F000D27ED0 /* SearchButton.swift */; };
		62B66E6128B4B96B00D27ED0 /* SearchViewModel.swift in Sources */ = {isa = PBXBuildFile; fileRef = 62B66E6028B4B96B00D27ED0 /* SearchViewModel.swift */; };
		62B66E6328B4D5C400D27ED0 /* ForecastDetailView.swift in Sources */ = {isa = PBXBuildFile; fileRef = 62B66E6228B4D5C400D27ED0 /* ForecastDetailView.swift */; };
		62B66E6528B4D92700D27ED0 /* SearchHistoryView.swift in Sources */ = {isa = PBXBuildFile; fileRef = 62B66E6428B4D92700D27ED0 /* SearchHistoryView.swift */; };
		62B66E6728B4E96E00D27ED0 /* HistorySearchStorage.swift in Sources */ = {isa = PBXBuildFile; fileRef = 62B66E6628B4E96E00D27ED0 /* HistorySearchStorage.swift */; };
		62B66E6D28B5054D00D27ED0 /* SearchHistoryViewModel.swift in Sources */ = {isa = PBXBuildFile; fileRef = 62B66E6C28B5054D00D27ED0 /* SearchHistoryViewModel.swift */; };
/* End PBXBuildFile section */

/* Begin PBXContainerItemProxy section */
		62368B7F28B372C500C49B8D /* PBXContainerItemProxy */ = {
			isa = PBXContainerItemProxy;
			containerPortal = 62368B6628B372C300C49B8D /* Project object */;
			proxyType = 1;
			remoteGlobalIDString = 62368B6D28B372C300C49B8D;
			remoteInfo = WeatherOnSwiftUI;
		};
/* End PBXContainerItemProxy section */

/* Begin PBXFileReference section */
		62368B6E28B372C300C49B8D /* WeatherOnSwiftUI.app */ = {isa = PBXFileReference; explicitFileType = wrapper.application; includeInIndex = 0; path = WeatherOnSwiftUI.app; sourceTree = BUILT_PRODUCTS_DIR; };
		62368B7128B372C300C49B8D /* WeatherOnSwiftUIApp.swift */ = {isa = PBXFileReference; lastKnownFileType = sourcecode.swift; path = WeatherOnSwiftUIApp.swift; sourceTree = "<group>"; };
		62368B7328B372C300C49B8D /* ContentView.swift */ = {isa = PBXFileReference; lastKnownFileType = sourcecode.swift; path = ContentView.swift; sourceTree = "<group>"; };
		62368B7528B372C500C49B8D /* Assets.xcassets */ = {isa = PBXFileReference; lastKnownFileType = folder.assetcatalog; path = Assets.xcassets; sourceTree = "<group>"; };
		62368B7828B372C500C49B8D /* Preview Assets.xcassets */ = {isa = PBXFileReference; lastKnownFileType = folder.assetcatalog; path = "Preview Assets.xcassets"; sourceTree = "<group>"; };
		62368B7E28B372C500C49B8D /* WeatherOnSwiftUITests.xctest */ = {isa = PBXFileReference; explicitFileType = wrapper.cfbundle; includeInIndex = 0; path = WeatherOnSwiftUITests.xctest; sourceTree = BUILT_PRODUCTS_DIR; };
		62368B8228B372C500C49B8D /* WeatherOnSwiftUITests.swift */ = {isa = PBXFileReference; lastKnownFileType = sourcecode.swift; path = WeatherOnSwiftUITests.swift; sourceTree = "<group>"; };
		62368B9B28B3733500C49B8D /* ServiceManager.swift */ = {isa = PBXFileReference; lastKnownFileType = sourcecode.swift; path = ServiceManager.swift; sourceTree = "<group>"; };
		625B90EE28B5A312006874DE /* ImageRetriver.swift */ = {isa = PBXFileReference; lastKnownFileType = sourcecode.swift; path = ImageRetriver.swift; sourceTree = "<group>"; };
		625B90F128B5A342006874DE /* ImageCache.swift */ = {isa = PBXFileReference; lastKnownFileType = sourcecode.swift; path = ImageCache.swift; sourceTree = "<group>"; };
		625B90F328B5A354006874DE /* CachedImageManager.swift */ = {isa = PBXFileReference; lastKnownFileType = sourcecode.swift; path = CachedImageManager.swift; sourceTree = "<group>"; };
		625B90F528B5A392006874DE /* CachedImage.swift */ = {isa = PBXFileReference; lastKnownFileType = sourcecode.swift; path = CachedImage.swift; sourceTree = "<group>"; };
		62B66E5228B38A0600D27ED0 /* WeatherData.swift */ = {isa = PBXFileReference; lastKnownFileType = sourcecode.swift; path = WeatherData.swift; sourceTree = "<group>"; };
		62B66E5428B38A6600D27ED0 /* TypeOfWeatherData.swift */ = {isa = PBXFileReference; lastKnownFileType = sourcecode.swift; path = TypeOfWeatherData.swift; sourceTree = "<group>"; };
		62B66E5C28B4914F00D27ED0 /* SearchView.swift */ = {isa = PBXFileReference; fileEncoding = 4; lastKnownFileType = sourcecode.swift; path = SearchView.swift; sourceTree = "<group>"; };
		62B66E5E28B495F000D27ED0 /* SearchButton.swift */ = {isa = PBXFileReference; lastKnownFileType = sourcecode.swift; path = SearchButton.swift; sourceTree = "<group>"; };
		62B66E6028B4B96B00D27ED0 /* SearchViewModel.swift */ = {isa = PBXFileReference; lastKnownFileType = sourcecode.swift; path = SearchViewModel.swift; sourceTree = "<group>"; };
		62B66E6228B4D5C400D27ED0 /* ForecastDetailView.swift */ = {isa = PBXFileReference; lastKnownFileType = sourcecode.swift; path = ForecastDetailView.swift; sourceTree = "<group>"; };
		62B66E6428B4D92700D27ED0 /* SearchHistoryView.swift */ = {isa = PBXFileReference; lastKnownFileType = sourcecode.swift; path = SearchHistoryView.swift; sourceTree = "<group>"; };
		62B66E6628B4E96E00D27ED0 /* HistorySearchStorage.swift */ = {isa = PBXFileReference; lastKnownFileType = sourcecode.swift; path = HistorySearchStorage.swift; sourceTree = "<group>"; };
		62B66E6C28B5054D00D27ED0 /* SearchHistoryViewModel.swift */ = {isa = PBXFileReference; lastKnownFileType = sourcecode.swift; path = SearchHistoryViewModel.swift; sourceTree = "<group>"; };
/* End PBXFileReference section */

/* Begin PBXFrameworksBuildPhase section */
		62368B6B28B372C300C49B8D /* Frameworks */ = {
			isa = PBXFrameworksBuildPhase;
			buildActionMask = 2147483647;
			files = (
			);
			runOnlyForDeploymentPostprocessing = 0;
		};
		62368B7B28B372C500C49B8D /* Frameworks */ = {
			isa = PBXFrameworksBuildPhase;
			buildActionMask = 2147483647;
			files = (
			);
			runOnlyForDeploymentPostprocessing = 0;
		};
/* End PBXFrameworksBuildPhase section */

/* Begin PBXGroup section */
		62368B6528B372C300C49B8D = {
			isa = PBXGroup;
			children = (
				62368B7028B372C300C49B8D /* WeatherOnSwiftUI */,
				62368B8128B372C500C49B8D /* WeatherOnSwiftUITests */,
				62368B6F28B372C300C49B8D /* Products */,
			);
			sourceTree = "<group>";
		};
		62368B6F28B372C300C49B8D /* Products */ = {
			isa = PBXGroup;
			children = (
				62368B6E28B372C300C49B8D /* WeatherOnSwiftUI.app */,
				62368B7E28B372C500C49B8D /* WeatherOnSwiftUITests.xctest */,
			);
			name = Products;
			sourceTree = "<group>";
		};
		62368B7028B372C300C49B8D /* WeatherOnSwiftUI */ = {
			isa = PBXGroup;
			children = (
				62368B7128B372C300C49B8D /* WeatherOnSwiftUIApp.swift */,
				62368B7328B372C300C49B8D /* ContentView.swift */,
				62B66E6828B5044D00D27ED0 /* Search */,
				62B66E6A28B5048900D27ED0 /* History */,
				62B66E6B28B5049700D27ED0 /* Details */,
				625B90F728B5A3A8006874DE /* Support Files */,
				62B66E6928B5046600D27ED0 /* Models */,
				62368B7528B372C500C49B8D /* Assets.xcassets */,
				62368B7728B372C500C49B8D /* Preview Content */,
			);
			path = WeatherOnSwiftUI;
			sourceTree = "<group>";
		};
		62368B7728B372C500C49B8D /* Preview Content */ = {
			isa = PBXGroup;
			children = (
				62368B7828B372C500C49B8D /* Preview Assets.xcassets */,
			);
			path = "Preview Content";
			sourceTree = "<group>";
		};
		62368B8128B372C500C49B8D /* WeatherOnSwiftUITests */ = {
			isa = PBXGroup;
			children = (
				62368B8228B372C500C49B8D /* WeatherOnSwiftUITests.swift */,
			);
			path = WeatherOnSwiftUITests;
			sourceTree = "<group>";
		};
		625B90ED28B5A2F8006874DE /* Repository */ = {
			isa = PBXGroup;
			children = (
				625B90F028B5A31B006874DE /* ImageCacher */,
				62B66E6628B4E96E00D27ED0 /* HistorySearchStorage.swift */,
			);
			path = Repository;
			sourceTree = "<group>";
		};
		625B90F028B5A31B006874DE /* ImageCacher */ = {
			isa = PBXGroup;
			children = (
				625B90EE28B5A312006874DE /* ImageRetriver.swift */,
				625B90F128B5A342006874DE /* ImageCache.swift */,
				625B90F328B5A354006874DE /* CachedImageManager.swift */,
				625B90F528B5A392006874DE /* CachedImage.swift */,
			);
			path = ImageCacher;
			sourceTree = "<group>";
		};
		625B90F728B5A3A8006874DE /* Support Files */ = {
			isa = PBXGroup;
			children = (
				625B90ED28B5A2F8006874DE /* Repository */,
				62368B9B28B3733500C49B8D /* ServiceManager.swift */,
			);
			path = "Support Files";
			sourceTree = "<group>";
		};
		62B66E6828B5044D00D27ED0 /* Search */ = {
			isa = PBXGroup;
			children = (
				62B66E5C28B4914F00D27ED0 /* SearchView.swift */,
				62B66E5E28B495F000D27ED0 /* SearchButton.swift */,
				62B66E6028B4B96B00D27ED0 /* SearchViewModel.swift */,
			);
			path = Search;
			sourceTree = "<group>";
		};
		62B66E6928B5046600D27ED0 /* Models */ = {
			isa = PBXGroup;
			children = (
				62B66E5428B38A6600D27ED0 /* TypeOfWeatherData.swift */,
				62B66E5228B38A0600D27ED0 /* WeatherData.swift */,
			);
			path = Models;
			sourceTree = "<group>";
		};
		62B66E6A28B5048900D27ED0 /* History */ = {
			isa = PBXGroup;
			children = (
				62B66E6428B4D92700D27ED0 /* SearchHistoryView.swift */,
				62B66E6C28B5054D00D27ED0 /* SearchHistoryViewModel.swift */,
			);
			path = History;
			sourceTree = "<group>";
		};
		62B66E6B28B5049700D27ED0 /* Details */ = {
			isa = PBXGroup;
			children = (
				62B66E6228B4D5C400D27ED0 /* ForecastDetailView.swift */,
			);
			path = Details;
			sourceTree = "<group>";
		};
/* End PBXGroup section */

/* Begin PBXNativeTarget section */
		62368B6D28B372C300C49B8D /* WeatherOnSwiftUI */ = {
			isa = PBXNativeTarget;
			buildConfigurationList = 62368B9228B372C500C49B8D /* Build configuration list for PBXNativeTarget "WeatherOnSwiftUI" */;
			buildPhases = (
				62368B6A28B372C300C49B8D /* Sources */,
				62368B6B28B372C300C49B8D /* Frameworks */,
				62368B6C28B372C300C49B8D /* Resources */,
			);
			buildRules = (
			);
			dependencies = (
			);
			name = WeatherOnSwiftUI;
			productName = WeatherOnSwiftUI;
			productReference = 62368B6E28B372C300C49B8D /* WeatherOnSwiftUI.app */;
			productType = "com.apple.product-type.application";
		};
		62368B7D28B372C500C49B8D /* WeatherOnSwiftUITests */ = {
			isa = PBXNativeTarget;
			buildConfigurationList = 62368B9528B372C500C49B8D /* Build configuration list for PBXNativeTarget "WeatherOnSwiftUITests" */;
			buildPhases = (
				62368B7A28B372C500C49B8D /* Sources */,
				62368B7B28B372C500C49B8D /* Frameworks */,
				62368B7C28B372C500C49B8D /* Resources */,
			);
			buildRules = (
			);
			dependencies = (
				62368B8028B372C500C49B8D /* PBXTargetDependency */,
			);
			name = WeatherOnSwiftUITests;
			productName = WeatherOnSwiftUITests;
			productReference = 62368B7E28B372C500C49B8D /* WeatherOnSwiftUITests.xctest */;
			productType = "com.apple.product-type.bundle.unit-test";
		};
/* End PBXNativeTarget section */

/* Begin PBXProject section */
		62368B6628B372C300C49B8D /* Project object */ = {
			isa = PBXProject;
			attributes = {
				BuildIndependentTargetsInParallel = 1;
				LastSwiftUpdateCheck = 1340;
				LastUpgradeCheck = 1340;
				TargetAttributes = {
					62368B6D28B372C300C49B8D = {
						CreatedOnToolsVersion = 13.4.1;
					};
					62368B7D28B372C500C49B8D = {
						CreatedOnToolsVersion = 13.4.1;
						TestTargetID = 62368B6D28B372C300C49B8D;
					};
				};
			};
			buildConfigurationList = 62368B6928B372C300C49B8D /* Build configuration list for PBXProject "WeatherOnSwiftUI" */;
			compatibilityVersion = "Xcode 13.0";
			developmentRegion = en;
			hasScannedForEncodings = 0;
			knownRegions = (
				en,
				Base,
			);
			mainGroup = 62368B6528B372C300C49B8D;
			productRefGroup = 62368B6F28B372C300C49B8D /* Products */;
			projectDirPath = "";
			projectRoot = "";
			targets = (
				62368B6D28B372C300C49B8D /* WeatherOnSwiftUI */,
				62368B7D28B372C500C49B8D /* WeatherOnSwiftUITests */,
			);
		};
/* End PBXProject section */

/* Begin PBXResourcesBuildPhase section */
		62368B6C28B372C300C49B8D /* Resources */ = {
			isa = PBXResourcesBuildPhase;
			buildActionMask = 2147483647;
			files = (
				62368B7928B372C500C49B8D /* Preview Assets.xcassets in Resources */,
				62368B7628B372C500C49B8D /* Assets.xcassets in Resources */,
			);
			runOnlyForDeploymentPostprocessing = 0;
		};
		62368B7C28B372C500C49B8D /* Resources */ = {
			isa = PBXResourcesBuildPhase;
			buildActionMask = 2147483647;
			files = (
			);
			runOnlyForDeploymentPostprocessing = 0;
		};
/* End PBXResourcesBuildPhase section */

/* Begin PBXSourcesBuildPhase section */
		62368B6A28B372C300C49B8D /* Sources */ = {
			isa = PBXSourcesBuildPhase;
			buildActionMask = 2147483647;
			files = (
				62B66E5528B38A6600D27ED0 /* TypeOfWeatherData.swift in Sources */,
				62368B7428B372C300C49B8D /* ContentView.swift in Sources */,
				62B66E5D28B4914F00D27ED0 /* SearchView.swift in Sources */,
				62B66E6328B4D5C400D27ED0 /* ForecastDetailView.swift in Sources */,
				62368B7228B372C300C49B8D /* WeatherOnSwiftUIApp.swift in Sources */,
				62B66E6728B4E96E00D27ED0 /* HistorySearchStorage.swift in Sources */,
				62B66E5328B38A0600D27ED0 /* WeatherData.swift in Sources */,
				625B90F628B5A392006874DE /* CachedImage.swift in Sources */,
				625B90F428B5A354006874DE /* CachedImageManager.swift in Sources */,
				62B66E6128B4B96B00D27ED0 /* SearchViewModel.swift in Sources */,
				62368B9C28B3733500C49B8D /* ServiceManager.swift in Sources */,
				62B66E6528B4D92700D27ED0 /* SearchHistoryView.swift in Sources */,
				625B90EF28B5A312006874DE /* ImageRetriver.swift in Sources */,
				62B66E5F28B495F000D27ED0 /* SearchButton.swift in Sources */,
				625B90F228B5A342006874DE /* ImageCache.swift in Sources */,
				62B66E6D28B5054D00D27ED0 /* SearchHistoryViewModel.swift in Sources */,
			);
			runOnlyForDeploymentPostprocessing = 0;
		};
		62368B7A28B372C500C49B8D /* Sources */ = {
			isa = PBXSourcesBuildPhase;
			buildActionMask = 2147483647;
			files = (
				62368B8328B372C500C49B8D /* WeatherOnSwiftUITests.swift in Sources */,
			);
			runOnlyForDeploymentPostprocessing = 0;
		};
/* End PBXSourcesBuildPhase section */

/* Begin PBXTargetDependency section */
		62368B8028B372C500C49B8D /* PBXTargetDependency */ = {
			isa = PBXTargetDependency;
			target = 62368B6D28B372C300C49B8D /* WeatherOnSwiftUI */;
			targetProxy = 62368B7F28B372C500C49B8D /* PBXContainerItemProxy */;
		};
/* End PBXTargetDependency section */

/* Begin XCBuildConfiguration section */
		62368B9028B372C500C49B8D /* Debug */ = {
			isa = XCBuildConfiguration;
			buildSettings = {
				ALWAYS_SEARCH_USER_PATHS = NO;
				CLANG_ANALYZER_NONNULL = YES;
				CLANG_ANALYZER_NUMBER_OBJECT_CONVERSION = YES_AGGRESSIVE;
				CLANG_CXX_LANGUAGE_STANDARD = "gnu++17";
				CLANG_ENABLE_MODULES = YES;
				CLANG_ENABLE_OBJC_ARC = YES;
				CLANG_ENABLE_OBJC_WEAK = YES;
				CLANG_WARN_BLOCK_CAPTURE_AUTORELEASING = YES;
				CLANG_WARN_BOOL_CONVERSION = YES;
				CLANG_WARN_COMMA = YES;
				CLANG_WARN_CONSTANT_CONVERSION = YES;
				CLANG_WARN_DEPRECATED_OBJC_IMPLEMENTATIONS = YES;
				CLANG_WARN_DIRECT_OBJC_ISA_USAGE = YES_ERROR;
				CLANG_WARN_DOCUMENTATION_COMMENTS = YES;
				CLANG_WARN_EMPTY_BODY = YES;
				CLANG_WARN_ENUM_CONVERSION = YES;
				CLANG_WARN_INFINITE_RECURSION = YES;
				CLANG_WARN_INT_CONVERSION = YES;
				CLANG_WARN_NON_LITERAL_NULL_CONVERSION = YES;
				CLANG_WARN_OBJC_IMPLICIT_RETAIN_SELF = YES;
				CLANG_WARN_OBJC_LITERAL_CONVERSION = YES;
				CLANG_WARN_OBJC_ROOT_CLASS = YES_ERROR;
				CLANG_WARN_QUOTED_INCLUDE_IN_FRAMEWORK_HEADER = YES;
				CLANG_WARN_RANGE_LOOP_ANALYSIS = YES;
				CLANG_WARN_STRICT_PROTOTYPES = YES;
				CLANG_WARN_SUSPICIOUS_MOVE = YES;
				CLANG_WARN_UNGUARDED_AVAILABILITY = YES_AGGRESSIVE;
				CLANG_WARN_UNREACHABLE_CODE = YES;
				CLANG_WARN__DUPLICATE_METHOD_MATCH = YES;
				COPY_PHASE_STRIP = NO;
				DEBUG_INFORMATION_FORMAT = dwarf;
				ENABLE_STRICT_OBJC_MSGSEND = YES;
				ENABLE_TESTABILITY = YES;
				GCC_C_LANGUAGE_STANDARD = gnu11;
				GCC_DYNAMIC_NO_PIC = NO;
				GCC_NO_COMMON_BLOCKS = YES;
				GCC_OPTIMIZATION_LEVEL = 0;
				GCC_PREPROCESSOR_DEFINITIONS = (
					"DEBUG=1",
					"$(inherited)",
				);
				GCC_WARN_64_TO_32_BIT_CONVERSION = YES;
				GCC_WARN_ABOUT_RETURN_TYPE = YES_ERROR;
				GCC_WARN_UNDECLARED_SELECTOR = YES;
				GCC_WARN_UNINITIALIZED_AUTOS = YES_AGGRESSIVE;
				GCC_WARN_UNUSED_FUNCTION = YES;
				GCC_WARN_UNUSED_VARIABLE = YES;
				IPHONEOS_DEPLOYMENT_TARGET = 15.5;
				MTL_ENABLE_DEBUG_INFO = INCLUDE_SOURCE;
				MTL_FAST_MATH = YES;
				ONLY_ACTIVE_ARCH = YES;
				SDKROOT = iphoneos;
				SWIFT_ACTIVE_COMPILATION_CONDITIONS = DEBUG;
				SWIFT_OPTIMIZATION_LEVEL = "-Onone";
			};
			name = Debug;
		};
		62368B9128B372C500C49B8D /* Release */ = {
			isa = XCBuildConfiguration;
			buildSettings = {
				ALWAYS_SEARCH_USER_PATHS = NO;
				CLANG_ANALYZER_NONNULL = YES;
				CLANG_ANALYZER_NUMBER_OBJECT_CONVERSION = YES_AGGRESSIVE;
				CLANG_CXX_LANGUAGE_STANDARD = "gnu++17";
				CLANG_ENABLE_MODULES = YES;
				CLANG_ENABLE_OBJC_ARC = YES;
				CLANG_ENABLE_OBJC_WEAK = YES;
				CLANG_WARN_BLOCK_CAPTURE_AUTORELEASING = YES;
				CLANG_WARN_BOOL_CONVERSION = YES;
				CLANG_WARN_COMMA = YES;
				CLANG_WARN_CONSTANT_CONVERSION = YES;
				CLANG_WARN_DEPRECATED_OBJC_IMPLEMENTATIONS = YES;
				CLANG_WARN_DIRECT_OBJC_ISA_USAGE = YES_ERROR;
				CLANG_WARN_DOCUMENTATION_COMMENTS = YES;
				CLANG_WARN_EMPTY_BODY = YES;
				CLANG_WARN_ENUM_CONVERSION = YES;
				CLANG_WARN_INFINITE_RECURSION = YES;
				CLANG_WARN_INT_CONVERSION = YES;
				CLANG_WARN_NON_LITERAL_NULL_CONVERSION = YES;
				CLANG_WARN_OBJC_IMPLICIT_RETAIN_SELF = YES;
				CLANG_WARN_OBJC_LITERAL_CONVERSION = YES;
				CLANG_WARN_OBJC_ROOT_CLASS = YES_ERROR;
				CLANG_WARN_QUOTED_INCLUDE_IN_FRAMEWORK_HEADER = YES;
				CLANG_WARN_RANGE_LOOP_ANALYSIS = YES;
				CLANG_WARN_STRICT_PROTOTYPES = YES;
				CLANG_WARN_SUSPICIOUS_MOVE = YES;
				CLANG_WARN_UNGUARDED_AVAILABILITY = YES_AGGRESSIVE;
				CLANG_WARN_UNREACHABLE_CODE = YES;
				CLANG_WARN__DUPLICATE_METHOD_MATCH = YES;
				COPY_PHASE_STRIP = NO;
				DEBUG_INFORMATION_FORMAT = "dwarf-with-dsym";
				ENABLE_NS_ASSERTIONS = NO;
				ENABLE_STRICT_OBJC_MSGSEND = YES;
				GCC_C_LANGUAGE_STANDARD = gnu11;
				GCC_NO_COMMON_BLOCKS = YES;
				GCC_WARN_64_TO_32_BIT_CONVERSION = YES;
				GCC_WARN_ABOUT_RETURN_TYPE = YES_ERROR;
				GCC_WARN_UNDECLARED_SELECTOR = YES;
				GCC_WARN_UNINITIALIZED_AUTOS = YES_AGGRESSIVE;
				GCC_WARN_UNUSED_FUNCTION = YES;
				GCC_WARN_UNUSED_VARIABLE = YES;
				IPHONEOS_DEPLOYMENT_TARGET = 15.5;
				MTL_ENABLE_DEBUG_INFO = NO;
				MTL_FAST_MATH = YES;
				SDKROOT = iphoneos;
				SWIFT_COMPILATION_MODE = wholemodule;
				SWIFT_OPTIMIZATION_LEVEL = "-O";
				VALIDATE_PRODUCT = YES;
			};
			name = Release;
		};
		62368B9328B372C500C49B8D /* Debug */ = {
			isa = XCBuildConfiguration;
			buildSettings = {
				ASSETCATALOG_COMPILER_APPICON_NAME = AppIcon;
				ASSETCATALOG_COMPILER_GLOBAL_ACCENT_COLOR_NAME = AccentColor;
				CODE_SIGN_STYLE = Automatic;
				CURRENT_PROJECT_VERSION = 1;
				DEVELOPMENT_ASSET_PATHS = "\"WeatherOnSwiftUI/Preview Content\"";
				DEVELOPMENT_TEAM = 2QX9SH777P;
				ENABLE_PREVIEWS = YES;
				GENERATE_INFOPLIST_FILE = YES;
				INFOPLIST_KEY_UIApplicationSceneManifest_Generation = YES;
				INFOPLIST_KEY_UIApplicationSupportsIndirectInputEvents = YES;
				INFOPLIST_KEY_UILaunchScreen_Generation = YES;
				INFOPLIST_KEY_UISupportedInterfaceOrientations_iPad = "UIInterfaceOrientationPortrait UIInterfaceOrientationPortraitUpsideDown UIInterfaceOrientationLandscapeLeft UIInterfaceOrientationLandscapeRight";
				INFOPLIST_KEY_UISupportedInterfaceOrientations_iPhone = "UIInterfaceOrientationPortrait UIInterfaceOrientationLandscapeLeft UIInterfaceOrientationLandscapeRight";
				IPHONEOS_DEPLOYMENT_TARGET = 15.5;
				LD_RUNPATH_SEARCH_PATHS = (
					"$(inherited)",
					"@executable_path/Frameworks",
				);
				MARKETING_VERSION = 1.0;
				PRODUCT_BUNDLE_IDENTIFIER = com.adevelopstudio.port4lio.WeatherOnSwiftUI;
				PRODUCT_NAME = "$(TARGET_NAME)";
				SWIFT_EMIT_LOC_STRINGS = YES;
				SWIFT_VERSION = 5.0;
				TARGETED_DEVICE_FAMILY = "1,2";
			};
			name = Debug;
		};
		62368B9428B372C500C49B8D /* Release */ = {
			isa = XCBuildConfiguration;
			buildSettings = {
				ASSETCATALOG_COMPILER_APPICON_NAME = AppIcon;
				ASSETCATALOG_COMPILER_GLOBAL_ACCENT_COLOR_NAME = AccentColor;
				CODE_SIGN_STYLE = Automatic;
				CURRENT_PROJECT_VERSION = 1;
				DEVELOPMENT_ASSET_PATHS = "\"WeatherOnSwiftUI/Preview Content\"";
				DEVELOPMENT_TEAM = 2QX9SH777P;
				ENABLE_PREVIEWS = YES;
				GENERATE_INFOPLIST_FILE = YES;
				INFOPLIST_KEY_UIApplicationSceneManifest_Generation = YES;
				INFOPLIST_KEY_UIApplicationSupportsIndirectInputEvents = YES;
				INFOPLIST_KEY_UILaunchScreen_Generation = YES;
				INFOPLIST_KEY_UISupportedInterfaceOrientations_iPad = "UIInterfaceOrientationPortrait UIInterfaceOrientationPortraitUpsideDown UIInterfaceOrientationLandscapeLeft UIInterfaceOrientationLandscapeRight";
				INFOPLIST_KEY_UISupportedInterfaceOrientations_iPhone = "UIInterfaceOrientationPortrait UIInterfaceOrientationLandscapeLeft UIInterfaceOrientationLandscapeRight";
				IPHONEOS_DEPLOYMENT_TARGET = 15.5;
				LD_RUNPATH_SEARCH_PATHS = (
					"$(inherited)",
					"@executable_path/Frameworks",
				);
				MARKETING_VERSION = 1.0;
				PRODUCT_BUNDLE_IDENTIFIER = com.adevelopstudio.port4lio.WeatherOnSwiftUI;
				PRODUCT_NAME = "$(TARGET_NAME)";
				SWIFT_EMIT_LOC_STRINGS = YES;
				SWIFT_VERSION = 5.0;
				TARGETED_DEVICE_FAMILY = "1,2";
			};
			name = Release;
		};
		62368B9628B372C500C49B8D /* Debug */ = {
			isa = XCBuildConfiguration;
			buildSettings = {
				ALWAYS_EMBED_SWIFT_STANDARD_LIBRARIES = YES;
				BUNDLE_LOADER = "$(TEST_HOST)";
				CODE_SIGN_STYLE = Automatic;
				CURRENT_PROJECT_VERSION = 1;
				DEVELOPMENT_TEAM = 2QX9SH777P;
				GENERATE_INFOPLIST_FILE = YES;
				IPHONEOS_DEPLOYMENT_TARGET = 15.5;
				MARKETING_VERSION = 1.0;
				PRODUCT_BUNDLE_IDENTIFIER = com.adevelopstudio.port4lio.WeatherOnSwiftUITests;
				PRODUCT_NAME = "$(TARGET_NAME)";
				SWIFT_EMIT_LOC_STRINGS = NO;
				SWIFT_VERSION = 5.0;
				TARGETED_DEVICE_FAMILY = "1,2";
				TEST_HOST = "$(BUILT_PRODUCTS_DIR)/WeatherOnSwiftUI.app/WeatherOnSwiftUI";
			};
			name = Debug;
		};
		62368B9728B372C500C49B8D /* Release */ = {
			isa = XCBuildConfiguration;
			buildSettings = {
				ALWAYS_EMBED_SWIFT_STANDARD_LIBRARIES = YES;
				BUNDLE_LOADER = "$(TEST_HOST)";
				CODE_SIGN_STYLE = Automatic;
				CURRENT_PROJECT_VERSION = 1;
				DEVELOPMENT_TEAM = 2QX9SH777P;
				GENERATE_INFOPLIST_FILE = YES;
				IPHONEOS_DEPLOYMENT_TARGET = 15.5;
				MARKETING_VERSION = 1.0;
				PRODUCT_BUNDLE_IDENTIFIER = com.adevelopstudio.port4lio.WeatherOnSwiftUITests;
				PRODUCT_NAME = "$(TARGET_NAME)";
				SWIFT_EMIT_LOC_STRINGS = NO;
				SWIFT_VERSION = 5.0;
				TARGETED_DEVICE_FAMILY = "1,2";
				TEST_HOST = "$(BUILT_PRODUCTS_DIR)/WeatherOnSwiftUI.app/WeatherOnSwiftUI";
			};
			name = Release;
		};
/* End XCBuildConfiguration section */

/* Begin XCConfigurationList section */
		62368B6928B372C300C49B8D /* Build configuration list for PBXProject "WeatherOnSwiftUI" */ = {
			isa = XCConfigurationList;
			buildConfigurations = (
				62368B9028B372C500C49B8D /* Debug */,
				62368B9128B372C500C49B8D /* Release */,
			);
			defaultConfigurationIsVisible = 0;
			defaultConfigurationName = Release;
		};
		62368B9228B372C500C49B8D /* Build configuration list for PBXNativeTarget "WeatherOnSwiftUI" */ = {
			isa = XCConfigurationList;
			buildConfigurations = (
				62368B9328B372C500C49B8D /* Debug */,
				62368B9428B372C500C49B8D /* Release */,
			);
			defaultConfigurationIsVisible = 0;
			defaultConfigurationName = Release;
		};
		62368B9528B372C500C49B8D /* Build configuration list for PBXNativeTarget "WeatherOnSwiftUITests" */ = {
			isa = XCConfigurationList;
			buildConfigurations = (
				62368B9628B372C500C49B8D /* Debug */,
				62368B9728B372C500C49B8D /* Release */,
			);
			defaultConfigurationIsVisible = 0;
			defaultConfigurationName = Release;
		};
/* End XCConfigurationList section */
	};
	rootObject = 62368B6628B372C300C49B8D /* Project object */;
}
